
Microsoft Visual Studio Solution File, Format Version 12.00
# Visual Studio 15
Project("{FAE04EC0-301F-11D3-BF4B-00C04F79EFBC}") = "MusicPlaylistAnalyzer", "MusicPlaylistAnalyzer.csproj", "{9E73780A-142A-40D2-A3DD-223425E7D39F}"
EndProject
Global
	GlobalSection(SolutionConfigurationPlatforms) = preSolution
		Debug|Any CPU = Debug|Any CPU
		Release|Any CPU = Release|Any CPU
	EndGlobalSection
	GlobalSection(ProjectConfigurationPlatforms) = postSolution
		{9E73780A-142A-40D2-A3DD-223425E7D39F}.Debug|Any CPU.ActiveCfg = Debug|Any CPU
		{9E73780A-142A-40D2-A3DD-223425E7D39F}.Debug|Any CPU.Build.0 = Debug|Any CPU
		{9E73780A-142A-40D2-A3DD-223425E7D39F}.Release|Any CPU.ActiveCfg = Release|Any CPU
		{9E73780A-142A-40D2-A3DD-223425E7D39F}.Release|Any CPU.Build.0 = Release|Any CPU
	EndGlobalSection
EndGlobal
