
Microsoft Visual Studio Solution File, Format Version 12.00
# Visual Studio 15
Project("{FAE04EC0-301F-11D3-BF4B-00C04F79EFBC}") = "MusicPlaylistAnalyzer", "MusicPlaylistAnalyzer\MusicPlaylistAnalyzer.csproj", "{D2B69E3A-E048-4637-B19C-829754AD690B}"
EndProject
Global
	GlobalSection(SolutionConfigurationPlatforms) = preSolution
		Debug|Any CPU = Debug|Any CPU
		Release|Any CPU = Release|Any CPU
	EndGlobalSection
	GlobalSection(ProjectConfigurationPlatforms) = postSolution
		{D2B69E3A-E048-4637-B19C-829754AD690B}.Debug|Any CPU.ActiveCfg = Debug|Any CPU
		{D2B69E3A-E048-4637-B19C-829754AD690B}.Debug|Any CPU.Build.0 = Debug|Any CPU
		{D2B69E3A-E048-4637-B19C-829754AD690B}.Release|Any CPU.ActiveCfg = Release|Any CPU
		{D2B69E3A-E048-4637-B19C-829754AD690B}.Release|Any CPU.Build.0 = Release|Any CPU
	EndGlobalSection
EndGlobal
